
Microsoft Visual Studio Solution File, Format Version 12.00
# Visual Studio Version 16
VisualStudioVersion = 16.0.29503.13
MinimumVisualStudioVersion = 10.0.40219.1
Project("{FAE04EC0-301F-11D3-BF4B-00C04F79EFBC}") = "FootballersMVVM", "FootballersMVVM\FootballersMVVM.csproj", "{D9ADFFB7-359F-4ECD-AB81-85A97C80AF08}"
EndProject
Global
	GlobalSection(SolutionConfigurationPlatforms) = preSolution
		Debug|Any CPU = Debug|Any CPU
		Release|Any CPU = Release|Any CPU
	EndGlobalSection
	GlobalSection(ProjectConfigurationPlatforms) = postSolution
		{D9ADFFB7-359F-4ECD-AB81-85A97C80AF08}.Debug|Any CPU.ActiveCfg = Debug|Any CPU
		{D9ADFFB7-359F-4ECD-AB81-85A97C80AF08}.Debug|Any CPU.Build.0 = Debug|Any CPU
		{D9ADFFB7-359F-4ECD-AB81-85A97C80AF08}.Release|Any CPU.ActiveCfg = Release|Any CPU
		{D9ADFFB7-359F-4ECD-AB81-85A97C80AF08}.Release|Any CPU.Build.0 = Release|Any CPU
	EndGlobalSection
	GlobalSection(SolutionProperties) = preSolution
		HideSolutionNode = FALSE
	EndGlobalSection
	GlobalSection(ExtensibilityGlobals) = postSolution
		SolutionGuid = {9B6AE53E-9BD6-4457-9A31-4685CAD85E4E}
	EndGlobalSection
EndGlobal
